{
  "name": "worker",
  "version": "1.0.0",
  "lockfileVersion": 2,
  "requires": true,
  "packages": {
    "": {
      "name": "worker",
      "version": "1.0.0",
      "license": "ISC",
      "dependencies": {
        "@visualflow/core": "^0.0.1-beta"
      }
    },
    "node_modules/@visualflow/core": {
      "version": "0.0.1-beta",
      "resolved": "https://registry.npmjs.org/@visualflow/core/-/core-0.0.1-beta.tgz",
      "integrity": "sha512-ffMCzR0kJv+BlQa6Wl6VV2W+2WYghETJ2/jqnLJkZsE5bWeeZfesmVjqw+RXDyQXQkTHCWMitKaSfQfV+xFuDw=="
    }
  },
  "dependencies": {
    "@visualflow/core": {
      "version": "0.0.1-beta",
      "resolved": "https://registry.npmjs.org/@visualflow/core/-/core-0.0.1-beta.tgz",
      "integrity": "sha512-ffMCzR0kJv+BlQa6Wl6VV2W+2WYghETJ2/jqnLJkZsE5bWeeZfesmVjqw+RXDyQXQkTHCWMitKaSfQfV+xFuDw=="
    }
  }
}
